Microsoft Visual Studio Solution File, Format Version 12.00
# Visual Studio Version 17
VisualStudioVersion = 17.5.2.0
MinimumVisualStudioVersion = 10.0.40219.1
Project("{FAE04EC0-301F-11D3-BF4B-00C04F79EFBC}") = "ApiReciclaje", "ApiReciclaje\ApiReciclaje.csproj", "{695D6CE1-02E3-41E5-FC7F-4C702F9C0FFE}"
EndProject
Global
	GlobalSection(SolutionConfigurationPlatforms) = preSolution
		Debug|Any CPU = Debug|Any CPU
		Release|Any CPU = Release|Any CPU
	EndGlobalSection
	GlobalSection(ProjectConfigurationPlatforms) = postSolution
		{695D6CE1-02E3-41E5-FC7F-4C702F9C0FFE}.Debug|Any CPU.ActiveCfg = Debug|Any CPU
		{695D6CE1-02E3-41E5-FC7F-4C702F9C0FFE}.Debug|Any CPU.Build.0 = Debug|Any CPU
		{695D6CE1-02E3-41E5-FC7F-4C702F9C0FFE}.Release|Any CPU.ActiveCfg = Release|Any CPU
		{695D6CE1-02E3-41E5-FC7F-4C702F9C0FFE}.Release|Any CPU.Build.0 = Release|Any CPU
	EndGlobalSection
	GlobalSection(SolutionProperties) = preSolution
		HideSolutionNode = FALSE
	EndGlobalSection
	GlobalSection(ExtensibilityGlobals) = postSolution
		SolutionGuid = {D3B9B2E7-B9A5-4C0D-99E8-EF9ACB8E6EE8}
	EndGlobalSection
EndGlobal
